{
  "name": "stillwood",
  "version": "0.1.0",
  "lockfileVersion": 3,
  "requires": true,
  "packages": {
    "": {
      "name": "stillwood",
      "version": "0.1.0",
      "dependencies": {
        "phaser": "^3.87.0",
        "serve": "^14.2.6"
      },
      "devDependencies": {
        "@railway/cli": "^5.49.1",
        "@types/node": "^26.4.1",
        "typescript": "~6.0.2",
        "vite": "^8.2.2",
        "vite-plugin-pwa": "^1.3.0"
      },
      "engines": {
        "node": ">=22"
      }
    }
  }
}
